
Microsoft Visual Studio Solution File, Format Version 12.00
# Visual Studio 15
VisualStudioVersion = 15.0.27703.2035
MinimumVisualStudioVersion = 10.0.40219.1
Project("{9A19103F-16F7-4668-BE54-9A1E7A4F7556}") = "MonaDave", "MonaDave.csproj", "{D65F0722-3A79-4E1C-B0D0-4824E37103E1}"
EndProject
Global
	GlobalSection(SolutionConfigurationPlatforms) = preSolution
		Debug|Any CPU = Debug|Any CPU
		Release|Any CPU = Release|Any CPU
	EndGlobalSection
	GlobalSection(ProjectConfigurationPlatforms) = postSolution
		{D65F0722-3A79-4E1C-B0D0-4824E37103E1}.Debug|Any CPU.ActiveCfg = Debug|Any CPU
		{D65F0722-3A79-4E1C-B0D0-4824E37103E1}.Debug|Any CPU.Build.0 = Debug|Any CPU
		{D65F0722-3A79-4E1C-B0D0-4824E37103E1}.Release|Any CPU.ActiveCfg = Release|Any CPU
		{D65F0722-3A79-4E1C-B0D0-4824E37103E1}.Release|Any CPU.Build.0 = Release|Any CPU
	EndGlobalSection
	GlobalSection(SolutionProperties) = preSolution
		HideSolutionNode = FALSE
	EndGlobalSection
	GlobalSection(ExtensibilityGlobals) = postSolution
		SolutionGuid = {914BCE6D-B794-478C-9C08-45A516CEB66F}
	EndGlobalSection
EndGlobal
